
Microsoft Visual Studio Solution File, Format Version 12.00
Project("{FAE04EC0-301F-11D3-BF4B-00C04F79EFBC}") = "E061-LoopVsWhereBenchmarks", "E061-LoopVsWhereBenchmarks\E061-LoopVsWhereBenchmarks.csproj", "{22AEFFC8-2907-4836-9E32-225AA4CE1E98}"
EndProject
Project("{FAE04EC0-301F-11D3-BF4B-00C04F79EFBC}") = "E025-FirstOrDefaultStruct", "E025-FirstOrDefaultStruct\E025-FirstOrDefaultStruct.csproj", "{43814C2B-541F-40EA-8EB9-7C594AADB43A}"
EndProject
Project("{FAE04EC0-301F-11D3-BF4B-00C04F79EFBC}") = "E033-EncryptionLocal", "E033-EncryptionLocal\E033-EncryptionLocal.csproj", "{AC944BBF-6BBF-48BB-9353-3D83127D0AA2}"
EndProject
Project("{FAE04EC0-301F-11D3-BF4B-00C04F79EFBC}") = "E066-ArrayVsListBenchmarks", "E066-ArrayVsListBenchmarks\E066-ArrayVsListBenchmarks.csproj", "{53F8D539-5076-4E4A-9455-A7B97C4854C4}"
EndProject
Project("{FAE04EC0-301F-11D3-BF4B-00C04F79EFBC}") = "E031-ArrayVsEnumerable", "E031-ArrayVsEnumerable\E031-ArrayVsEnumerable.csproj", "{3D4F0B68-B569-4753-B0C7-D7B30973A358}"
EndProject
Project("{FAE04EC0-301F-11D3-BF4B-00C04F79EFBC}") = "E055-ArrayVsSpanBenchmarks", "E055-ArrayVsSpanBenchmarks\E055-ArrayVsSpanBenchmarks.csproj", "{5B080504-C0BB-476E-8A0C-2E3AA3A9466B}"
EndProject
Project("{FAE04EC0-301F-11D3-BF4B-00C04F79EFBC}") = "E030-AsyncVoid", "E030-AsyncVoid\E030-AsyncVoid.csproj", "{EA52F387-8BB9-4FF8-A736-6DF125B3CF58}"
EndProject
Project("{FAE04EC0-301F-11D3-BF4B-00C04F79EFBC}") = "E001-BigOLoopBenchmarks", "E001-BigOLoopBenchmarks\E001-BigOLoopBenchmarks.csproj", "{102E8F58-523E-491C-8984-5A22A614CCFE}"
EndProject
Project("{FAE04EC0-301F-11D3-BF4B-00C04F79EFBC}") = "E002-DiscordUriParser", "E002-DiscordUriParser\E002-DiscordUriParser.csproj", "{595AB54B-38CC-4E35-887D-61E46E13C398}"
EndProject
Project("{FAE04EC0-301F-11D3-BF4B-00C04F79EFBC}") = "E003-CharBenchmarks", "E003-CharBenchmarks\E003-CharBenchmarks.csproj", "{949554A1-B8CD-4D8E-93BF-EEEA4E832997}"
EndProject
Project("{FAE04EC0-301F-11D3-BF4B-00C04F79EFBC}") = "E004-SwapBenchmarks", "E004-SwapBenchmarks\E004-SwapBenchmarks.csproj", "{22122BD2-E499-46A7-88B0-5B460998551B}"
EndProject
Project("{FAE04EC0-301F-11D3-BF4B-00C04F79EFBC}") = "E005-RegexCompiledBenchmarks", "E005-RegexCompiledBenchmarks\E005-RegexCompiledBenchmarks.csproj", "{E43955C3-05B3-4D32-A7E3-F0D0D05FB436}"
EndProject
Project("{FAE04EC0-301F-11D3-BF4B-00C04F79EFBC}") = "E006-ConcatBenchmarks", "E006-ConcatBenchmarks\E006-ConcatBenchmarks.csproj", "{ED01E38C-83FD-487D-BE4E-94F39CFCF356}"
EndProject
Project("{FAE04EC0-301F-11D3-BF4B-00C04F79EFBC}") = "E007-ConcatVsStringBuilderBenchmarks", "E007-ConcatVsStringBuilderBenchmarks\E007-ConcatVsStringBuilderBenchmarks.csproj", "{FF23B75C-4AD7-40E1-A72A-715CFED4FC10}"
EndProject
Project("{FAE04EC0-301F-11D3-BF4B-00C04F79EFBC}") = "E008-X10D_ToGetParametersBenchmarks", "E008-X10D_ToGetParametersBenchmarks\E008-X10D_ToGetParametersBenchmarks.csproj", "{F2452AF6-A992-41D4-8C21-EC737A80DB7E}"
EndProject
Project("{FAE04EC0-301F-11D3-BF4B-00C04F79EFBC}") = "E009-TimeSpanParser", "E009-TimeSpanParser\E009-TimeSpanParser.csproj", "{DF605BC9-CD3A-4DC0-84D4-F87379B295F6}"
EndProject
Project("{FAE04EC0-301F-11D3-BF4B-00C04F79EFBC}") = "E010-ThreadTest", "E010-ThreadTest\E010-ThreadTest.csproj", "{55A8F85F-A740-4710-98F4-DA6E13818176}"
EndProject
Project("{FAE04EC0-301F-11D3-BF4B-00C04F79EFBC}") = "E011-SpacedIntBenchmarks", "E011-SpacedIntBenchmarks\E011-SpacedIntBenchmarks.csproj", "{1EF789A6-8957-4E32-BB4C-D68DCE0CD1FE}"
EndProject
Project("{FAE04EC0-301F-11D3-BF4B-00C04F79EFBC}") = "E012-SourceGeneratorDummy", "E012-SourceGeneratorDummy\E012-SourceGeneratorDummy.csproj", "{DCFA6E58-68BA-4745-9574-F58DDCFEB20D}"
EndProject
Project("{FAE04EC0-301F-11D3-BF4B-00C04F79EFBC}") = "E013-ServerClient", "E013-ServerClient\E013-ServerClient.csproj", "{C31ED1D1-7FC7-48BC-8CED-DCD5BD04155C}"
EndProject
Project("{FAE04EC0-301F-11D3-BF4B-00C04F79EFBC}") = "E014-RemoveAllBenchmarks", "E014-RemoveAllBenchmarks\E014-RemoveAllBenchmarks.csproj", "{F2371518-6DA1-40B8-9C97-53322C57ABF0}"
EndProject
Project("{FAE04EC0-301F-11D3-BF4B-00C04F79EFBC}") = "E015-RegexVsCustomAttributeParser", "E015-RegexVsCustomAttributeParser\E015-RegexVsCustomAttributeParser.csproj", "{036B030C-5CB7-49C7-9F14-A986BF6A0CEF}"
EndProject
Project("{FAE04EC0-301F-11D3-BF4B-00C04F79EFBC}") = "E016-ProtoBufExtendedModel", "E016-ProtoBufExtendedModel\E016-ProtoBufExtendedModel.csproj", "{8707E46F-1246-41E6-8728-C78B8D161994}"
EndProject
Project("{FAE04EC0-301F-11D3-BF4B-00C04F79EFBC}") = "E017-PowVsManualSquareBenchmarks", "E017-PowVsManualSquareBenchmarks\E017-PowVsManualSquareBenchmarks.csproj", "{2882913B-7382-4F6D-82BA-CDDFF5095449}"
EndProject
Project("{FAE04EC0-301F-11D3-BF4B-00C04F79EFBC}") = "E018-OneLineMultiAssignment", "E018-OneLineMultiAssignment\E018-OneLineMultiAssignment.csproj", "{834A33D0-C8AA-435A-A631-5ECC33097E17}"
EndProject
Project("{FAE04EC0-301F-11D3-BF4B-00C04F79EFBC}") = "E019-NullStringTest", "E019-NullStringTest\E019-NullStringTest.csproj", "{EB83B114-CC77-43AC-8633-A8E668B1A049}"
EndProject
Project("{FAE04EC0-301F-11D3-BF4B-00C04F79EFBC}") = "E020-NestedStructPointer", "E020-NestedStructPointer\E020-NestedStructPointer.csproj", "{C37A707F-EFF7-4CE2-BB57-1BA6CD841BD0}"
EndProject
Project("{FAE04EC0-301F-11D3-BF4B-00C04F79EFBC}") = "E021-Nearest5MinuteDateTime", "E021-Nearest5MinuteDateTime\E021-Nearest5MinuteDateTime.csproj", "{4DBCBCD3-6831-47A6-BAD1-D49DA61E3280}"
EndProject
Project("{FAE04EC0-301F-11D3-BF4B-00C04F79EFBC}") = "E022-ModifyReadonly", "E022-ModifyReadonly\E022-ModifyReadonly.csproj", "{0166ACDD-5963-4399-84C1-384D852D2728}"
EndProject
Project("{FAE04EC0-301F-11D3-BF4B-00C04F79EFBC}") = "E023-MathEstimateBenchmarks", "E023-MathEstimateBenchmarks\E023-MathEstimateBenchmarks.csproj", "{6882C767-63CB-4387-AD13-0C59471CA759}"
EndProject
Project("{FAE04EC0-301F-11D3-BF4B-00C04F79EFBC}") = "E024-Foreach", "E024-Foreach\E024-Foreach.csproj", "{FD9C7858-BA0F-43A5-A981-79716BD8F331}"
EndProject
Project("{FAE04EC0-301F-11D3-BF4B-00C04F79EFBC}") = "E026-DictionaryBenchmarks", "E026-DictionaryBenchmarks\E026-DictionaryBenchmarks.csproj", "{0D5A2249-5336-451F-AC79-7CBAE41D46E0}"
EndProject
Project("{FAE04EC0-301F-11D3-BF4B-00C04F79EFBC}") = "E027-ConfigurationBenchmarks", "E027-ConfigurationBenchmarks\E027-ConfigurationBenchmarks.csproj", "{2DEF358D-4A84-4783-BE7D-18D78BEDE0A0}"
EndProject
Project("{FAE04EC0-301F-11D3-BF4B-00C04F79EFBC}") = "E028-ClassMemoryAddress", "E028-ClassMemoryAddress\E028-ClassMemoryAddress.csproj", "{DFE9EC1A-E31A-49A4-94A8-C4A36D2A9F77}"
EndProject
Project("{FAE04EC0-301F-11D3-BF4B-00C04F79EFBC}") = "E029-CircularBitShift", "E029-CircularBitShift\E029-CircularBitShift.csproj", "{24763AC2-85DD-4473-9C89-D6BF0E8267FB}"
EndProject
Project("{FAE04EC0-301F-11D3-BF4B-00C04F79EFBC}") = "E032-BinaryFormatterExploit", "E032-BinaryFormatterExploit\E032-BinaryFormatterExploit.csproj", "{FD3B9DF2-29FC-4A51-AEB8-2495DAC5A369}"
EndProject
Project("{FAE04EC0-301F-11D3-BF4B-00C04F79EFBC}") = "E034-EncryptionNetwork", "E034-EncryptionNetwork\E034-EncryptionNetwork.csproj", "{472698F1-9E41-47AF-8805-E358FE2B63FB}"
EndProject
Project("{FAE04EC0-301F-11D3-BF4B-00C04F79EFBC}") = "E035-Expressions", "E035-Expressions\E035-Expressions.csproj", "{957B8279-B735-454C-B381-28C647E006BB}"
EndProject
Project("{FAE04EC0-301F-11D3-BF4B-00C04F79EFBC}") = "E036-NegateVsTimesMinus1Benchmarks", "E036-NegateVsTimesMinus1Benchmarks\E036-NegateVsTimesMinus1Benchmarks.csproj", "{55920614-9DFA-4052-9930-DEBB7BFC8414}"
EndProject
Project("{FAE04EC0-301F-11D3-BF4B-00C04F79EFBC}") = "E037-FractionReduce", "E037-FractionReduce\E037-FractionReduce.csproj", "{C434A646-C742-4EC5-9FFF-ACFADEF32B81}"
EndProject
Project("{FAE04EC0-301F-11D3-BF4B-00C04F79EFBC}") = "E038-RecursionBenchmarks", "E038-RecursionBenchmarks\E038-RecursionBenchmarks.csproj", "{36D8561F-F0EB-4262-8CE8-FB88BE373EB4}"
EndProject
Project("{FAE04EC0-301F-11D3-BF4B-00C04F79EFBC}") = "E039-UdpTest", "E039-UdpTest\E039-UdpTest.csproj", "{7A6C21D3-FDD8-4F73-A94C-608545169F66}"
EndProject
Project("{FAE04EC0-301F-11D3-BF4B-00C04F79EFBC}") = "E040-CleverUsing", "E040-CleverUsing\E040-CleverUsing.csproj", "{DBE4E62D-7588-45F7-9B46-F94028F0E811}"
EndProject
Project("{FAE04EC0-301F-11D3-BF4B-00C04F79EFBC}") = "E041-InheritanceTest", "E041-InheritanceTest\E041-InheritanceTest.csproj", "{3D2CA600-8540-47A2-B488-2624D54390A8}"
EndProject
Project("{FAE04EC0-301F-11D3-BF4B-00C04F79EFBC}") = "E042-LinqBenchmarks", "E042-LinqBenchmarks\E042-LinqBenchmarks.csproj", "{EA6C122F-7AD1-46A6-BE0A-6B382BC131B6}"
EndProject
Project("{FAE04EC0-301F-11D3-BF4B-00C04F79EFBC}") = "E043-AllNumericExceptBenchmarks", "E043-AllNumericExceptBenchmarks\E043-AllNumericExceptBenchmarks.csproj", "{7D12BB88-57D5-408B-BC76-7F60CCF8F3C9}"
EndProject
Project("{FAE04EC0-301F-11D3-BF4B-00C04F79EFBC}") = "E044-FiveFiveLetter", "E044-FiveFiveLetter\E044-FiveFiveLetter.csproj", "{1F58F526-7F5A-4D4B-B80A-3C33E29C0DDC}"
EndProject
Project("{FAE04EC0-301F-11D3-BF4B-00C04F79EFBC}") = "E045-VerbosePunctuation", "E045-VerbosePunctuation\E045-VerbosePunctuation.csproj", "{18D01F93-0B92-40DC-8629-4C03759FC59E}"
EndProject
Project("{FAE04EC0-301F-11D3-BF4B-00C04F79EFBC}") = "E046-DigitalRootBenchmarks", "E046-DigitalRootBenchmarks\E046-DigitalRootBenchmarks.csproj", "{F635EBDF-9BD4-4785-87AD-2DD768C363C9}"
EndProject
Project("{FAE04EC0-301F-11D3-BF4B-00C04F79EFBC}") = "E047-DigitalRoot", "E047-DigitalRoot\E047-DigitalRoot.csproj", "{4DB29CDF-C9A1-430C-A789-1B0E65023590}"
EndProject
Project("{FAE04EC0-301F-11D3-BF4B-00C04F79EFBC}") = "E048-ColorClamping", "E048-ColorClamping\E048-ColorClamping.csproj", "{03209BD7-DD1D-4BE4-A871-B6AA8EB48CF9}"
EndProject
Project("{FAE04EC0-301F-11D3-BF4B-00C04F79EFBC}") = "E049-CoordinateBenchmarks", "E049-CoordinateBenchmarks\E049-CoordinateBenchmarks.csproj", "{9FC59E07-F50D-4285-BE5C-4A0156089AE1}"
EndProject
Project("{FAE04EC0-301F-11D3-BF4B-00C04F79EFBC}") = "E050-CEF", "E050-CEF\E050-CEF.csproj", "{CEC6B570-FEDF-43EA-8B5D-B2322CB880C9}"
EndProject
Project("{FAE04EC0-301F-11D3-BF4B-00C04F79EFBC}") = "E051-LazyLinqTest", "E051-LazyLinqTest\E051-LazyLinqTest.csproj", "{D909599F-3A2A-4423-BAE0-A4B40A5F09C4}"
EndProject
Project("{FAE04EC0-301F-11D3-BF4B-00C04F79EFBC}") = "E052-LineCountBenchmarks", "E052-LineCountBenchmarks\E052-LineCountBenchmarks.csproj", "{F30BDA1F-3203-4191-944A-070DCF4905B2}"
EndProject
Project("{FAE04EC0-301F-11D3-BF4B-00C04F79EFBC}") = "E053-InverseSqrtBenchmarks", "E053-InverseSqrtBenchmarks\E053-InverseSqrtBenchmarks.csproj", "{0A37A89E-66A6-4BF8-8F11-D388E8406F2B}"
EndProject
Project("{FAE04EC0-301F-11D3-BF4B-00C04F79EFBC}") = "E054-DivisionBenchmarks", "E054-DivisionBenchmarks\E054-DivisionBenchmarks.csproj", "{0DACAADE-F388-4C03-AAAA-990917FA6BD7}"
EndProject
Project("{FAE04EC0-301F-11D3-BF4B-00C04F79EFBC}") = "E056-UnsafeKata", "E056-UnsafeKata\E056-UnsafeKata.csproj", "{B84420CC-FBFB-41FC-B1B3-F3F0637382FD}"
EndProject
Project("{FAE04EC0-301F-11D3-BF4B-00C04F79EFBC}") = "E057-TypeRoulette", "E057-TypeRoulette\E057-TypeRoulette.csproj", "{611F553F-AE76-4DE4-BEAF-FB07E1D42145}"
EndProject
Project("{FAE04EC0-301F-11D3-BF4B-00C04F79EFBC}") = "E058-ToArrayVsAsReadOnlyBenchmarks", "E058-ToArrayVsAsReadOnlyBenchmarks\E058-ToArrayVsAsReadOnlyBenchmarks.csproj", "{D3956C0F-BE5A-4276-8F85-C0F8F8250931}"
EndProject
Project("{FAE04EC0-301F-11D3-BF4B-00C04F79EFBC}") = "E059-RandomTypes", "E059-RandomTypes\E059-RandomTypes.csproj", "{E0DFB8D1-5F56-46B9-B519-A270F84D666E}"
EndProject
Project("{FAE04EC0-301F-11D3-BF4B-00C04F79EFBC}") = "E060-PointerFuckery", "E060-PointerFuckery\E060-PointerFuckery.csproj", "{B77CD82E-0BAB-4452-A5A4-AAA13D8BB9D0}"
EndProject
Project("{FAE04EC0-301F-11D3-BF4B-00C04F79EFBC}") = "E062-LoopVsCountBenchmarks", "E062-LoopVsCountBenchmarks\E062-LoopVsCountBenchmarks.csproj", "{CEBB8458-59B0-4F47-8D8C-C03BC3D69B84}"
EndProject
Project("{FAE04EC0-301F-11D3-BF4B-00C04F79EFBC}") = "E063-LinqVsNoLinqBenchmarks", "E063-LinqVsNoLinqBenchmarks\E063-LinqVsNoLinqBenchmarks.csproj", "{B38B1DF3-599B-44F1-BC5D-8C23756EBD85}"
EndProject
Project("{FAE04EC0-301F-11D3-BF4B-00C04F79EFBC}") = "E064-DynamicVsReflectionBenchmarks", "E064-DynamicVsReflectionBenchmarks\E064-DynamicVsReflectionBenchmarks.csproj", "{221CAE99-5A4D-41A7-8C9D-936F11760B15}"
EndProject
Project("{FAE04EC0-301F-11D3-BF4B-00C04F79EFBC}") = "E065-DiacriticBenchmarks", "E065-DiacriticBenchmarks\E065-DiacriticBenchmarks.csproj", "{9537565E-22C6-4FD5-ACD1-E2F63D3E41B6}"
EndProject
Project("{FAE04EC0-301F-11D3-BF4B-00C04F79EFBC}") = "E067-FacebookMathProblem", "E067-FacebookMathProblem\E067-FacebookMathProblem.csproj", "{E2CA4E37-1023-4B1E-85FA-A4D3321B7BA5}"
EndProject
Project("{FAE04EC0-301F-11D3-BF4B-00C04F79EFBC}") = "E068-SseBenchmarks", "E068-SseBenchmarks\E068-SseBenchmarks.csproj", "{153CA51C-A9A9-4137-80C9-9ECB97E6B2DB}"
EndProject
Project("{FAE04EC0-301F-11D3-BF4B-00C04F79EFBC}") = "E069-IntegerToDecimalBenchmarks", "E069-IntegerToDecimalBenchmarks\E069-IntegerToDecimalBenchmarks.csproj", "{0587EEAC-ACAE-4622-89C9-AC324FAC430A}"
EndProject
Project("{FAE04EC0-301F-11D3-BF4B-00C04F79EFBC}") = "E070-TimeSpanConversionBenchmarks", "E070-TimeSpanConversionBenchmarks\E070-TimeSpanConversionBenchmarks.csproj", "{F0A3EC63-1422-4D82-A69B-8BD88FF5B5F6}"
EndProject
Project("{FAE04EC0-301F-11D3-BF4B-00C04F79EFBC}") = "E071-Thev2AndySerializer", "E071-Thev2AndySerializer\E071-Thev2AndySerializer.csproj", "{6FCF7A4E-329C-4E25-9D50-D8DF1EBE387B}"
EndProject
Project("{FAE04EC0-301F-11D3-BF4B-00C04F79EFBC}") = "E072-StringBenchmarks", "E072-StringBenchmarks\E072-StringBenchmarks.csproj", "{3AC20C3A-0FB3-41C3-81A6-C4610050576A}"
EndProject
Global
	GlobalSection(SolutionConfigurationPlatforms) = preSolution
		Debug|Any CPU = Debug|Any CPU
		Release|Any CPU = Release|Any CPU
	EndGlobalSection
	GlobalSection(ProjectConfigurationPlatforms) = postSolution
		{22AEFFC8-2907-4836-9E32-225AA4CE1E98}.Debug|Any CPU.ActiveCfg = Debug|Any CPU
		{22AEFFC8-2907-4836-9E32-225AA4CE1E98}.Debug|Any CPU.Build.0 = Debug|Any CPU
		{22AEFFC8-2907-4836-9E32-225AA4CE1E98}.Release|Any CPU.ActiveCfg = Release|Any CPU
		{22AEFFC8-2907-4836-9E32-225AA4CE1E98}.Release|Any CPU.Build.0 = Release|Any CPU
		{43814C2B-541F-40EA-8EB9-7C594AADB43A}.Debug|Any CPU.ActiveCfg = Debug|Any CPU
		{43814C2B-541F-40EA-8EB9-7C594AADB43A}.Debug|Any CPU.Build.0 = Debug|Any CPU
		{43814C2B-541F-40EA-8EB9-7C594AADB43A}.Release|Any CPU.ActiveCfg = Release|Any CPU
		{43814C2B-541F-40EA-8EB9-7C594AADB43A}.Release|Any CPU.Build.0 = Release|Any CPU
		{AC944BBF-6BBF-48BB-9353-3D83127D0AA2}.Debug|Any CPU.ActiveCfg = Debug|Any CPU
		{AC944BBF-6BBF-48BB-9353-3D83127D0AA2}.Debug|Any CPU.Build.0 = Debug|Any CPU
		{AC944BBF-6BBF-48BB-9353-3D83127D0AA2}.Release|Any CPU.ActiveCfg = Release|Any CPU
		{AC944BBF-6BBF-48BB-9353-3D83127D0AA2}.Release|Any CPU.Build.0 = Release|Any CPU
		{53F8D539-5076-4E4A-9455-A7B97C4854C4}.Debug|Any CPU.ActiveCfg = Debug|Any CPU
		{53F8D539-5076-4E4A-9455-A7B97C4854C4}.Debug|Any CPU.Build.0 = Debug|Any CPU
		{53F8D539-5076-4E4A-9455-A7B97C4854C4}.Release|Any CPU.ActiveCfg = Release|Any CPU
		{53F8D539-5076-4E4A-9455-A7B97C4854C4}.Release|Any CPU.Build.0 = Release|Any CPU
		{3D4F0B68-B569-4753-B0C7-D7B30973A358}.Debug|Any CPU.ActiveCfg = Debug|Any CPU
		{3D4F0B68-B569-4753-B0C7-D7B30973A358}.Debug|Any CPU.Build.0 = Debug|Any CPU
		{3D4F0B68-B569-4753-B0C7-D7B30973A358}.Release|Any CPU.ActiveCfg = Release|Any CPU
		{3D4F0B68-B569-4753-B0C7-D7B30973A358}.Release|Any CPU.Build.0 = Release|Any CPU
		{5B080504-C0BB-476E-8A0C-2E3AA3A9466B}.Debug|Any CPU.ActiveCfg = Debug|Any CPU
		{5B080504-C0BB-476E-8A0C-2E3AA3A9466B}.Debug|Any CPU.Build.0 = Debug|Any CPU
		{5B080504-C0BB-476E-8A0C-2E3AA3A9466B}.Release|Any CPU.ActiveCfg = Release|Any CPU
		{5B080504-C0BB-476E-8A0C-2E3AA3A9466B}.Release|Any CPU.Build.0 = Release|Any CPU
		{EA52F387-8BB9-4FF8-A736-6DF125B3CF58}.Debug|Any CPU.ActiveCfg = Debug|Any CPU
		{EA52F387-8BB9-4FF8-A736-6DF125B3CF58}.Debug|Any CPU.Build.0 = Debug|Any CPU
		{EA52F387-8BB9-4FF8-A736-6DF125B3CF58}.Release|Any CPU.ActiveCfg = Release|Any CPU
		{EA52F387-8BB9-4FF8-A736-6DF125B3CF58}.Release|Any CPU.Build.0 = Release|Any CPU
		{102E8F58-523E-491C-8984-5A22A614CCFE}.Debug|Any CPU.ActiveCfg = Debug|Any CPU
		{102E8F58-523E-491C-8984-5A22A614CCFE}.Debug|Any CPU.Build.0 = Debug|Any CPU
		{102E8F58-523E-491C-8984-5A22A614CCFE}.Release|Any CPU.ActiveCfg = Release|Any CPU
		{102E8F58-523E-491C-8984-5A22A614CCFE}.Release|Any CPU.Build.0 = Release|Any CPU
		{595AB54B-38CC-4E35-887D-61E46E13C398}.Debug|Any CPU.ActiveCfg = Debug|Any CPU
		{595AB54B-38CC-4E35-887D-61E46E13C398}.Debug|Any CPU.Build.0 = Debug|Any CPU
		{595AB54B-38CC-4E35-887D-61E46E13C398}.Release|Any CPU.ActiveCfg = Release|Any CPU
		{595AB54B-38CC-4E35-887D-61E46E13C398}.Release|Any CPU.Build.0 = Release|Any CPU
		{949554A1-B8CD-4D8E-93BF-EEEA4E832997}.Debug|Any CPU.ActiveCfg = Debug|Any CPU
		{949554A1-B8CD-4D8E-93BF-EEEA4E832997}.Debug|Any CPU.Build.0 = Debug|Any CPU
		{949554A1-B8CD-4D8E-93BF-EEEA4E832997}.Release|Any CPU.ActiveCfg = Release|Any CPU
		{949554A1-B8CD-4D8E-93BF-EEEA4E832997}.Release|Any CPU.Build.0 = Release|Any CPU
		{22122BD2-E499-46A7-88B0-5B460998551B}.Debug|Any CPU.ActiveCfg = Debug|Any CPU
		{22122BD2-E499-46A7-88B0-5B460998551B}.Debug|Any CPU.Build.0 = Debug|Any CPU
		{22122BD2-E499-46A7-88B0-5B460998551B}.Release|Any CPU.ActiveCfg = Release|Any CPU
		{22122BD2-E499-46A7-88B0-5B460998551B}.Release|Any CPU.Build.0 = Release|Any CPU
		{E43955C3-05B3-4D32-A7E3-F0D0D05FB436}.Debug|Any CPU.ActiveCfg = Debug|Any CPU
		{E43955C3-05B3-4D32-A7E3-F0D0D05FB436}.Debug|Any CPU.Build.0 = Debug|Any CPU
		{E43955C3-05B3-4D32-A7E3-F0D0D05FB436}.Release|Any CPU.ActiveCfg = Release|Any CPU
		{E43955C3-05B3-4D32-A7E3-F0D0D05FB436}.Release|Any CPU.Build.0 = Release|Any CPU
		{ED01E38C-83FD-487D-BE4E-94F39CFCF356}.Debug|Any CPU.ActiveCfg = Debug|Any CPU
		{ED01E38C-83FD-487D-BE4E-94F39CFCF356}.Debug|Any CPU.Build.0 = Debug|Any CPU
		{ED01E38C-83FD-487D-BE4E-94F39CFCF356}.Release|Any CPU.ActiveCfg = Release|Any CPU
		{ED01E38C-83FD-487D-BE4E-94F39CFCF356}.Release|Any CPU.Build.0 = Release|Any CPU
		{FF23B75C-4AD7-40E1-A72A-715CFED4FC10}.Debug|Any CPU.ActiveCfg = Debug|Any CPU
		{FF23B75C-4AD7-40E1-A72A-715CFED4FC10}.Debug|Any CPU.Build.0 = Debug|Any CPU
		{FF23B75C-4AD7-40E1-A72A-715CFED4FC10}.Release|Any CPU.ActiveCfg = Release|Any CPU
		{FF23B75C-4AD7-40E1-A72A-715CFED4FC10}.Release|Any CPU.Build.0 = Release|Any CPU
		{F2452AF6-A992-41D4-8C21-EC737A80DB7E}.Debug|Any CPU.ActiveCfg = Debug|Any CPU
		{F2452AF6-A992-41D4-8C21-EC737A80DB7E}.Debug|Any CPU.Build.0 = Debug|Any CPU
		{F2452AF6-A992-41D4-8C21-EC737A80DB7E}.Release|Any CPU.ActiveCfg = Release|Any CPU
		{F2452AF6-A992-41D4-8C21-EC737A80DB7E}.Release|Any CPU.Build.0 = Release|Any CPU
		{DF605BC9-CD3A-4DC0-84D4-F87379B295F6}.Debug|Any CPU.ActiveCfg = Debug|Any CPU
		{DF605BC9-CD3A-4DC0-84D4-F87379B295F6}.Debug|Any CPU.Build.0 = Debug|Any CPU
		{DF605BC9-CD3A-4DC0-84D4-F87379B295F6}.Release|Any CPU.ActiveCfg = Release|Any CPU
		{DF605BC9-CD3A-4DC0-84D4-F87379B295F6}.Release|Any CPU.Build.0 = Release|Any CPU
		{55A8F85F-A740-4710-98F4-DA6E13818176}.Debug|Any CPU.ActiveCfg = Debug|Any CPU
		{55A8F85F-A740-4710-98F4-DA6E13818176}.Debug|Any CPU.Build.0 = Debug|Any CPU
		{55A8F85F-A740-4710-98F4-DA6E13818176}.Release|Any CPU.ActiveCfg = Release|Any CPU
		{55A8F85F-A740-4710-98F4-DA6E13818176}.Release|Any CPU.Build.0 = Release|Any CPU
		{1EF789A6-8957-4E32-BB4C-D68DCE0CD1FE}.Debug|Any CPU.ActiveCfg = Debug|Any CPU
		{1EF789A6-8957-4E32-BB4C-D68DCE0CD1FE}.Debug|Any CPU.Build.0 = Debug|Any CPU
		{1EF789A6-8957-4E32-BB4C-D68DCE0CD1FE}.Release|Any CPU.ActiveCfg = Release|Any CPU
		{1EF789A6-8957-4E32-BB4C-D68DCE0CD1FE}.Release|Any CPU.Build.0 = Release|Any CPU
		{DCFA6E58-68BA-4745-9574-F58DDCFEB20D}.Debug|Any CPU.ActiveCfg = Debug|Any CPU
		{DCFA6E58-68BA-4745-9574-F58DDCFEB20D}.Debug|Any CPU.Build.0 = Debug|Any CPU
		{DCFA6E58-68BA-4745-9574-F58DDCFEB20D}.Release|Any CPU.ActiveCfg = Release|Any CPU
		{DCFA6E58-68BA-4745-9574-F58DDCFEB20D}.Release|Any CPU.Build.0 = Release|Any CPU
		{C31ED1D1-7FC7-48BC-8CED-DCD5BD04155C}.Debug|Any CPU.ActiveCfg = Debug|Any CPU
		{C31ED1D1-7FC7-48BC-8CED-DCD5BD04155C}.Debug|Any CPU.Build.0 = Debug|Any CPU
		{C31ED1D1-7FC7-48BC-8CED-DCD5BD04155C}.Release|Any CPU.ActiveCfg = Release|Any CPU
		{C31ED1D1-7FC7-48BC-8CED-DCD5BD04155C}.Release|Any CPU.Build.0 = Release|Any CPU
		{F2371518-6DA1-40B8-9C97-53322C57ABF0}.Debug|Any CPU.ActiveCfg = Debug|Any CPU
		{F2371518-6DA1-40B8-9C97-53322C57ABF0}.Debug|Any CPU.Build.0 = Debug|Any CPU
		{F2371518-6DA1-40B8-9C97-53322C57ABF0}.Release|Any CPU.ActiveCfg = Release|Any CPU
		{F2371518-6DA1-40B8-9C97-53322C57ABF0}.Release|Any CPU.Build.0 = Release|Any CPU
		{036B030C-5CB7-49C7-9F14-A986BF6A0CEF}.Debug|Any CPU.ActiveCfg = Debug|Any CPU
		{036B030C-5CB7-49C7-9F14-A986BF6A0CEF}.Debug|Any CPU.Build.0 = Debug|Any CPU
		{036B030C-5CB7-49C7-9F14-A986BF6A0CEF}.Release|Any CPU.ActiveCfg = Release|Any CPU
		{036B030C-5CB7-49C7-9F14-A986BF6A0CEF}.Release|Any CPU.Build.0 = Release|Any CPU
		{8707E46F-1246-41E6-8728-C78B8D161994}.Debug|Any CPU.ActiveCfg = Debug|Any CPU
		{8707E46F-1246-41E6-8728-C78B8D161994}.Debug|Any CPU.Build.0 = Debug|Any CPU
		{8707E46F-1246-41E6-8728-C78B8D161994}.Release|Any CPU.ActiveCfg = Release|Any CPU
		{8707E46F-1246-41E6-8728-C78B8D161994}.Release|Any CPU.Build.0 = Release|Any CPU
		{2882913B-7382-4F6D-82BA-CDDFF5095449}.Debug|Any CPU.ActiveCfg = Debug|Any CPU
		{2882913B-7382-4F6D-82BA-CDDFF5095449}.Debug|Any CPU.Build.0 = Debug|Any CPU
		{2882913B-7382-4F6D-82BA-CDDFF5095449}.Release|Any CPU.ActiveCfg = Release|Any CPU
		{2882913B-7382-4F6D-82BA-CDDFF5095449}.Release|Any CPU.Build.0 = Release|Any CPU
		{834A33D0-C8AA-435A-A631-5ECC33097E17}.Debug|Any CPU.ActiveCfg = Debug|Any CPU
		{834A33D0-C8AA-435A-A631-5ECC33097E17}.Debug|Any CPU.Build.0 = Debug|Any CPU
		{834A33D0-C8AA-435A-A631-5ECC33097E17}.Release|Any CPU.ActiveCfg = Release|Any CPU
		{834A33D0-C8AA-435A-A631-5ECC33097E17}.Release|Any CPU.Build.0 = Release|Any CPU
		{EB83B114-CC77-43AC-8633-A8E668B1A049}.Debug|Any CPU.ActiveCfg = Debug|Any CPU
		{EB83B114-CC77-43AC-8633-A8E668B1A049}.Debug|Any CPU.Build.0 = Debug|Any CPU
		{EB83B114-CC77-43AC-8633-A8E668B1A049}.Release|Any CPU.ActiveCfg = Release|Any CPU
		{EB83B114-CC77-43AC-8633-A8E668B1A049}.Release|Any CPU.Build.0 = Release|Any CPU
		{C37A707F-EFF7-4CE2-BB57-1BA6CD841BD0}.Debug|Any CPU.ActiveCfg = Debug|Any CPU
		{C37A707F-EFF7-4CE2-BB57-1BA6CD841BD0}.Debug|Any CPU.Build.0 = Debug|Any CPU
		{C37A707F-EFF7-4CE2-BB57-1BA6CD841BD0}.Release|Any CPU.ActiveCfg = Release|Any CPU
		{C37A707F-EFF7-4CE2-BB57-1BA6CD841BD0}.Release|Any CPU.Build.0 = Release|Any CPU
		{4DBCBCD3-6831-47A6-BAD1-D49DA61E3280}.Debug|Any CPU.ActiveCfg = Debug|Any CPU
		{4DBCBCD3-6831-47A6-BAD1-D49DA61E3280}.Debug|Any CPU.Build.0 = Debug|Any CPU
		{4DBCBCD3-6831-47A6-BAD1-D49DA61E3280}.Release|Any CPU.ActiveCfg = Release|Any CPU
		{4DBCBCD3-6831-47A6-BAD1-D49DA61E3280}.Release|Any CPU.Build.0 = Release|Any CPU
		{0166ACDD-5963-4399-84C1-384D852D2728}.Debug|Any CPU.ActiveCfg = Debug|Any CPU
		{0166ACDD-5963-4399-84C1-384D852D2728}.Debug|Any CPU.Build.0 = Debug|Any CPU
		{0166ACDD-5963-4399-84C1-384D852D2728}.Release|Any CPU.ActiveCfg = Release|Any CPU
		{0166ACDD-5963-4399-84C1-384D852D2728}.Release|Any CPU.Build.0 = Release|Any CPU
		{6882C767-63CB-4387-AD13-0C59471CA759}.Debug|Any CPU.ActiveCfg = Debug|Any CPU
		{6882C767-63CB-4387-AD13-0C59471CA759}.Debug|Any CPU.Build.0 = Debug|Any CPU
		{6882C767-63CB-4387-AD13-0C59471CA759}.Release|Any CPU.ActiveCfg = Release|Any CPU
		{6882C767-63CB-4387-AD13-0C59471CA759}.Release|Any CPU.Build.0 = Release|Any CPU
		{FD9C7858-BA0F-43A5-A981-79716BD8F331}.Debug|Any CPU.ActiveCfg = Debug|Any CPU
		{FD9C7858-BA0F-43A5-A981-79716BD8F331}.Debug|Any CPU.Build.0 = Debug|Any CPU
		{FD9C7858-BA0F-43A5-A981-79716BD8F331}.Release|Any CPU.ActiveCfg = Release|Any CPU
		{FD9C7858-BA0F-43A5-A981-79716BD8F331}.Release|Any CPU.Build.0 = Release|Any CPU
		{0D5A2249-5336-451F-AC79-7CBAE41D46E0}.Debug|Any CPU.ActiveCfg = Debug|Any CPU
		{0D5A2249-5336-451F-AC79-7CBAE41D46E0}.Debug|Any CPU.Build.0 = Debug|Any CPU
		{0D5A2249-5336-451F-AC79-7CBAE41D46E0}.Release|Any CPU.ActiveCfg = Release|Any CPU
		{0D5A2249-5336-451F-AC79-7CBAE41D46E0}.Release|Any CPU.Build.0 = Release|Any CPU
		{2DEF358D-4A84-4783-BE7D-18D78BEDE0A0}.Debug|Any CPU.ActiveCfg = Debug|Any CPU
		{2DEF358D-4A84-4783-BE7D-18D78BEDE0A0}.Debug|Any CPU.Build.0 = Debug|Any CPU
		{2DEF358D-4A84-4783-BE7D-18D78BEDE0A0}.Release|Any CPU.ActiveCfg = Release|Any CPU
		{2DEF358D-4A84-4783-BE7D-18D78BEDE0A0}.Release|Any CPU.Build.0 = Release|Any CPU
		{DFE9EC1A-E31A-49A4-94A8-C4A36D2A9F77}.Debug|Any CPU.ActiveCfg = Debug|Any CPU
		{DFE9EC1A-E31A-49A4-94A8-C4A36D2A9F77}.Debug|Any CPU.Build.0 = Debug|Any CPU
		{DFE9EC1A-E31A-49A4-94A8-C4A36D2A9F77}.Release|Any CPU.ActiveCfg = Release|Any CPU
		{DFE9EC1A-E31A-49A4-94A8-C4A36D2A9F77}.Release|Any CPU.Build.0 = Release|Any CPU
		{24763AC2-85DD-4473-9C89-D6BF0E8267FB}.Debug|Any CPU.ActiveCfg = Debug|Any CPU
		{24763AC2-85DD-4473-9C89-D6BF0E8267FB}.Debug|Any CPU.Build.0 = Debug|Any CPU
		{24763AC2-85DD-4473-9C89-D6BF0E8267FB}.Release|Any CPU.ActiveCfg = Release|Any CPU
		{24763AC2-85DD-4473-9C89-D6BF0E8267FB}.Release|Any CPU.Build.0 = Release|Any CPU
		{FD3B9DF2-29FC-4A51-AEB8-2495DAC5A369}.Debug|Any CPU.ActiveCfg = Debug|Any CPU
		{FD3B9DF2-29FC-4A51-AEB8-2495DAC5A369}.Debug|Any CPU.Build.0 = Debug|Any CPU
		{FD3B9DF2-29FC-4A51-AEB8-2495DAC5A369}.Release|Any CPU.ActiveCfg = Release|Any CPU
		{FD3B9DF2-29FC-4A51-AEB8-2495DAC5A369}.Release|Any CPU.Build.0 = Release|Any CPU
		{472698F1-9E41-47AF-8805-E358FE2B63FB}.Debug|Any CPU.ActiveCfg = Debug|Any CPU
		{472698F1-9E41-47AF-8805-E358FE2B63FB}.Debug|Any CPU.Build.0 = Debug|Any CPU
		{472698F1-9E41-47AF-8805-E358FE2B63FB}.Release|Any CPU.ActiveCfg = Release|Any CPU
		{472698F1-9E41-47AF-8805-E358FE2B63FB}.Release|Any CPU.Build.0 = Release|Any CPU
		{957B8279-B735-454C-B381-28C647E006BB}.Debug|Any CPU.ActiveCfg = Debug|Any CPU
		{957B8279-B735-454C-B381-28C647E006BB}.Debug|Any CPU.Build.0 = Debug|Any CPU
		{957B8279-B735-454C-B381-28C647E006BB}.Release|Any CPU.ActiveCfg = Release|Any CPU
		{957B8279-B735-454C-B381-28C647E006BB}.Release|Any CPU.Build.0 = Release|Any CPU
		{55920614-9DFA-4052-9930-DEBB7BFC8414}.Debug|Any CPU.ActiveCfg = Debug|Any CPU
		{55920614-9DFA-4052-9930-DEBB7BFC8414}.Debug|Any CPU.Build.0 = Debug|Any CPU
		{55920614-9DFA-4052-9930-DEBB7BFC8414}.Release|Any CPU.ActiveCfg = Release|Any CPU
		{55920614-9DFA-4052-9930-DEBB7BFC8414}.Release|Any CPU.Build.0 = Release|Any CPU
		{C434A646-C742-4EC5-9FFF-ACFADEF32B81}.Debug|Any CPU.ActiveCfg = Debug|Any CPU
		{C434A646-C742-4EC5-9FFF-ACFADEF32B81}.Debug|Any CPU.Build.0 = Debug|Any CPU
		{C434A646-C742-4EC5-9FFF-ACFADEF32B81}.Release|Any CPU.ActiveCfg = Release|Any CPU
		{C434A646-C742-4EC5-9FFF-ACFADEF32B81}.Release|Any CPU.Build.0 = Release|Any CPU
		{36D8561F-F0EB-4262-8CE8-FB88BE373EB4}.Debug|Any CPU.ActiveCfg = Debug|Any CPU
		{36D8561F-F0EB-4262-8CE8-FB88BE373EB4}.Debug|Any CPU.Build.0 = Debug|Any CPU
		{36D8561F-F0EB-4262-8CE8-FB88BE373EB4}.Release|Any CPU.ActiveCfg = Release|Any CPU
		{36D8561F-F0EB-4262-8CE8-FB88BE373EB4}.Release|Any CPU.Build.0 = Release|Any CPU
		{7A6C21D3-FDD8-4F73-A94C-608545169F66}.Debug|Any CPU.ActiveCfg = Debug|Any CPU
		{7A6C21D3-FDD8-4F73-A94C-608545169F66}.Debug|Any CPU.Build.0 = Debug|Any CPU
		{7A6C21D3-FDD8-4F73-A94C-608545169F66}.Release|Any CPU.ActiveCfg = Release|Any CPU
		{7A6C21D3-FDD8-4F73-A94C-608545169F66}.Release|Any CPU.Build.0 = Release|Any CPU
		{DBE4E62D-7588-45F7-9B46-F94028F0E811}.Debug|Any CPU.ActiveCfg = Debug|Any CPU
		{DBE4E62D-7588-45F7-9B46-F94028F0E811}.Debug|Any CPU.Build.0 = Debug|Any CPU
		{DBE4E62D-7588-45F7-9B46-F94028F0E811}.Release|Any CPU.ActiveCfg = Release|Any CPU
		{DBE4E62D-7588-45F7-9B46-F94028F0E811}.Release|Any CPU.Build.0 = Release|Any CPU
		{3D2CA600-8540-47A2-B488-2624D54390A8}.Debug|Any CPU.ActiveCfg = Debug|Any CPU
		{3D2CA600-8540-47A2-B488-2624D54390A8}.Debug|Any CPU.Build.0 = Debug|Any CPU
		{3D2CA600-8540-47A2-B488-2624D54390A8}.Release|Any CPU.ActiveCfg = Release|Any CPU
		{3D2CA600-8540-47A2-B488-2624D54390A8}.Release|Any CPU.Build.0 = Release|Any CPU
		{EA6C122F-7AD1-46A6-BE0A-6B382BC131B6}.Debug|Any CPU.ActiveCfg = Debug|Any CPU
		{EA6C122F-7AD1-46A6-BE0A-6B382BC131B6}.Debug|Any CPU.Build.0 = Debug|Any CPU
		{EA6C122F-7AD1-46A6-BE0A-6B382BC131B6}.Release|Any CPU.ActiveCfg = Release|Any CPU
		{EA6C122F-7AD1-46A6-BE0A-6B382BC131B6}.Release|Any CPU.Build.0 = Release|Any CPU
		{7D12BB88-57D5-408B-BC76-7F60CCF8F3C9}.Debug|Any CPU.ActiveCfg = Debug|Any CPU
		{7D12BB88-57D5-408B-BC76-7F60CCF8F3C9}.Debug|Any CPU.Build.0 = Debug|Any CPU
		{7D12BB88-57D5-408B-BC76-7F60CCF8F3C9}.Release|Any CPU.ActiveCfg = Release|Any CPU
		{7D12BB88-57D5-408B-BC76-7F60CCF8F3C9}.Release|Any CPU.Build.0 = Release|Any CPU
		{1F58F526-7F5A-4D4B-B80A-3C33E29C0DDC}.Debug|Any CPU.ActiveCfg = Debug|Any CPU
		{1F58F526-7F5A-4D4B-B80A-3C33E29C0DDC}.Debug|Any CPU.Build.0 = Debug|Any CPU
		{1F58F526-7F5A-4D4B-B80A-3C33E29C0DDC}.Release|Any CPU.ActiveCfg = Release|Any CPU
		{1F58F526-7F5A-4D4B-B80A-3C33E29C0DDC}.Release|Any CPU.Build.0 = Release|Any CPU
		{18D01F93-0B92-40DC-8629-4C03759FC59E}.Debug|Any CPU.ActiveCfg = Debug|Any CPU
		{18D01F93-0B92-40DC-8629-4C03759FC59E}.Debug|Any CPU.Build.0 = Debug|Any CPU
		{18D01F93-0B92-40DC-8629-4C03759FC59E}.Release|Any CPU.ActiveCfg = Release|Any CPU
		{18D01F93-0B92-40DC-8629-4C03759FC59E}.Release|Any CPU.Build.0 = Release|Any CPU
		{F635EBDF-9BD4-4785-87AD-2DD768C363C9}.Debug|Any CPU.ActiveCfg = Debug|Any CPU
		{F635EBDF-9BD4-4785-87AD-2DD768C363C9}.Debug|Any CPU.Build.0 = Debug|Any CPU
		{F635EBDF-9BD4-4785-87AD-2DD768C363C9}.Release|Any CPU.ActiveCfg = Release|Any CPU
		{F635EBDF-9BD4-4785-87AD-2DD768C363C9}.Release|Any CPU.Build.0 = Release|Any CPU
		{4DB29CDF-C9A1-430C-A789-1B0E65023590}.Debug|Any CPU.ActiveCfg = Debug|Any CPU
		{4DB29CDF-C9A1-430C-A789-1B0E65023590}.Debug|Any CPU.Build.0 = Debug|Any CPU
		{4DB29CDF-C9A1-430C-A789-1B0E65023590}.Release|Any CPU.ActiveCfg = Release|Any CPU
		{4DB29CDF-C9A1-430C-A789-1B0E65023590}.Release|Any CPU.Build.0 = Release|Any CPU
		{03209BD7-DD1D-4BE4-A871-B6AA8EB48CF9}.Debug|Any CPU.ActiveCfg = Debug|Any CPU
		{03209BD7-DD1D-4BE4-A871-B6AA8EB48CF9}.Debug|Any CPU.Build.0 = Debug|Any CPU
		{03209BD7-DD1D-4BE4-A871-B6AA8EB48CF9}.Release|Any CPU.ActiveCfg = Release|Any CPU
		{03209BD7-DD1D-4BE4-A871-B6AA8EB48CF9}.Release|Any CPU.Build.0 = Release|Any CPU
		{9FC59E07-F50D-4285-BE5C-4A0156089AE1}.Debug|Any CPU.ActiveCfg = Debug|Any CPU
		{9FC59E07-F50D-4285-BE5C-4A0156089AE1}.Debug|Any CPU.Build.0 = Debug|Any CPU
		{9FC59E07-F50D-4285-BE5C-4A0156089AE1}.Release|Any CPU.ActiveCfg = Release|Any CPU
		{9FC59E07-F50D-4285-BE5C-4A0156089AE1}.Release|Any CPU.Build.0 = Release|Any CPU
		{CEC6B570-FEDF-43EA-8B5D-B2322CB880C9}.Debug|Any CPU.ActiveCfg = Debug|Any CPU
		{CEC6B570-FEDF-43EA-8B5D-B2322CB880C9}.Debug|Any CPU.Build.0 = Debug|Any CPU
		{CEC6B570-FEDF-43EA-8B5D-B2322CB880C9}.Release|Any CPU.ActiveCfg = Release|Any CPU
		{CEC6B570-FEDF-43EA-8B5D-B2322CB880C9}.Release|Any CPU.Build.0 = Release|Any CPU
		{D909599F-3A2A-4423-BAE0-A4B40A5F09C4}.Debug|Any CPU.ActiveCfg = Debug|Any CPU
		{D909599F-3A2A-4423-BAE0-A4B40A5F09C4}.Debug|Any CPU.Build.0 = Debug|Any CPU
		{D909599F-3A2A-4423-BAE0-A4B40A5F09C4}.Release|Any CPU.ActiveCfg = Release|Any CPU
		{D909599F-3A2A-4423-BAE0-A4B40A5F09C4}.Release|Any CPU.Build.0 = Release|Any CPU
		{F30BDA1F-3203-4191-944A-070DCF4905B2}.Debug|Any CPU.ActiveCfg = Debug|Any CPU
		{F30BDA1F-3203-4191-944A-070DCF4905B2}.Debug|Any CPU.Build.0 = Debug|Any CPU
		{F30BDA1F-3203-4191-944A-070DCF4905B2}.Release|Any CPU.ActiveCfg = Release|Any CPU
		{F30BDA1F-3203-4191-944A-070DCF4905B2}.Release|Any CPU.Build.0 = Release|Any CPU
		{0A37A89E-66A6-4BF8-8F11-D388E8406F2B}.Debug|Any CPU.ActiveCfg = Debug|Any CPU
		{0A37A89E-66A6-4BF8-8F11-D388E8406F2B}.Debug|Any CPU.Build.0 = Debug|Any CPU
		{0A37A89E-66A6-4BF8-8F11-D388E8406F2B}.Release|Any CPU.ActiveCfg = Release|Any CPU
		{0A37A89E-66A6-4BF8-8F11-D388E8406F2B}.Release|Any CPU.Build.0 = Release|Any CPU
		{0DACAADE-F388-4C03-AAAA-990917FA6BD7}.Debug|Any CPU.ActiveCfg = Debug|Any CPU
		{0DACAADE-F388-4C03-AAAA-990917FA6BD7}.Debug|Any CPU.Build.0 = Debug|Any CPU
		{0DACAADE-F388-4C03-AAAA-990917FA6BD7}.Release|Any CPU.ActiveCfg = Release|Any CPU
		{0DACAADE-F388-4C03-AAAA-990917FA6BD7}.Release|Any CPU.Build.0 = Release|Any CPU
		{B84420CC-FBFB-41FC-B1B3-F3F0637382FD}.Debug|Any CPU.ActiveCfg = Debug|Any CPU
		{B84420CC-FBFB-41FC-B1B3-F3F0637382FD}.Debug|Any CPU.Build.0 = Debug|Any CPU
		{B84420CC-FBFB-41FC-B1B3-F3F0637382FD}.Release|Any CPU.ActiveCfg = Release|Any CPU
		{B84420CC-FBFB-41FC-B1B3-F3F0637382FD}.Release|Any CPU.Build.0 = Release|Any CPU
		{611F553F-AE76-4DE4-BEAF-FB07E1D42145}.Debug|Any CPU.ActiveCfg = Debug|Any CPU
		{611F553F-AE76-4DE4-BEAF-FB07E1D42145}.Debug|Any CPU.Build.0 = Debug|Any CPU
		{611F553F-AE76-4DE4-BEAF-FB07E1D42145}.Release|Any CPU.ActiveCfg = Release|Any CPU
		{611F553F-AE76-4DE4-BEAF-FB07E1D42145}.Release|Any CPU.Build.0 = Release|Any CPU
		{D3956C0F-BE5A-4276-8F85-C0F8F8250931}.Debug|Any CPU.ActiveCfg = Debug|Any CPU
		{D3956C0F-BE5A-4276-8F85-C0F8F8250931}.Debug|Any CPU.Build.0 = Debug|Any CPU
		{D3956C0F-BE5A-4276-8F85-C0F8F8250931}.Release|Any CPU.ActiveCfg = Release|Any CPU
		{D3956C0F-BE5A-4276-8F85-C0F8F8250931}.Release|Any CPU.Build.0 = Release|Any CPU
		{E0DFB8D1-5F56-46B9-B519-A270F84D666E}.Debug|Any CPU.ActiveCfg = Debug|Any CPU
		{E0DFB8D1-5F56-46B9-B519-A270F84D666E}.Debug|Any CPU.Build.0 = Debug|Any CPU
		{E0DFB8D1-5F56-46B9-B519-A270F84D666E}.Release|Any CPU.ActiveCfg = Release|Any CPU
		{E0DFB8D1-5F56-46B9-B519-A270F84D666E}.Release|Any CPU.Build.0 = Release|Any CPU
		{B77CD82E-0BAB-4452-A5A4-AAA13D8BB9D0}.Debug|Any CPU.ActiveCfg = Debug|Any CPU
		{B77CD82E-0BAB-4452-A5A4-AAA13D8BB9D0}.Debug|Any CPU.Build.0 = Debug|Any CPU
		{B77CD82E-0BAB-4452-A5A4-AAA13D8BB9D0}.Release|Any CPU.ActiveCfg = Release|Any CPU
		{B77CD82E-0BAB-4452-A5A4-AAA13D8BB9D0}.Release|Any CPU.Build.0 = Release|Any CPU
		{CEBB8458-59B0-4F47-8D8C-C03BC3D69B84}.Debug|Any CPU.ActiveCfg = Debug|Any CPU
		{CEBB8458-59B0-4F47-8D8C-C03BC3D69B84}.Debug|Any CPU.Build.0 = Debug|Any CPU
		{CEBB8458-59B0-4F47-8D8C-C03BC3D69B84}.Release|Any CPU.ActiveCfg = Release|Any CPU
		{CEBB8458-59B0-4F47-8D8C-C03BC3D69B84}.Release|Any CPU.Build.0 = Release|Any CPU
		{B38B1DF3-599B-44F1-BC5D-8C23756EBD85}.Debug|Any CPU.ActiveCfg = Debug|Any CPU
		{B38B1DF3-599B-44F1-BC5D-8C23756EBD85}.Debug|Any CPU.Build.0 = Debug|Any CPU
		{B38B1DF3-599B-44F1-BC5D-8C23756EBD85}.Release|Any CPU.ActiveCfg = Release|Any CPU
		{B38B1DF3-599B-44F1-BC5D-8C23756EBD85}.Release|Any CPU.Build.0 = Release|Any CPU
		{221CAE99-5A4D-41A7-8C9D-936F11760B15}.Debug|Any CPU.ActiveCfg = Debug|Any CPU
		{221CAE99-5A4D-41A7-8C9D-936F11760B15}.Debug|Any CPU.Build.0 = Debug|Any CPU
		{221CAE99-5A4D-41A7-8C9D-936F11760B15}.Release|Any CPU.ActiveCfg = Release|Any CPU
		{221CAE99-5A4D-41A7-8C9D-936F11760B15}.Release|Any CPU.Build.0 = Release|Any CPU
		{9537565E-22C6-4FD5-ACD1-E2F63D3E41B6}.Debug|Any CPU.ActiveCfg = Debug|Any CPU
		{9537565E-22C6-4FD5-ACD1-E2F63D3E41B6}.Debug|Any CPU.Build.0 = Debug|Any CPU
		{9537565E-22C6-4FD5-ACD1-E2F63D3E41B6}.Release|Any CPU.ActiveCfg = Release|Any CPU
		{9537565E-22C6-4FD5-ACD1-E2F63D3E41B6}.Release|Any CPU.Build.0 = Release|Any CPU
		{E2CA4E37-1023-4B1E-85FA-A4D3321B7BA5}.Debug|Any CPU.ActiveCfg = Debug|Any CPU
		{E2CA4E37-1023-4B1E-85FA-A4D3321B7BA5}.Debug|Any CPU.Build.0 = Debug|Any CPU
		{E2CA4E37-1023-4B1E-85FA-A4D3321B7BA5}.Release|Any CPU.ActiveCfg = Release|Any CPU
		{E2CA4E37-1023-4B1E-85FA-A4D3321B7BA5}.Release|Any CPU.Build.0 = Release|Any CPU
		{153CA51C-A9A9-4137-80C9-9ECB97E6B2DB}.Debug|Any CPU.ActiveCfg = Debug|Any CPU
		{153CA51C-A9A9-4137-80C9-9ECB97E6B2DB}.Debug|Any CPU.Build.0 = Debug|Any CPU
		{153CA51C-A9A9-4137-80C9-9ECB97E6B2DB}.Release|Any CPU.ActiveCfg = Release|Any CPU
		{153CA51C-A9A9-4137-80C9-9ECB97E6B2DB}.Release|Any CPU.Build.0 = Release|Any CPU
		{0587EEAC-ACAE-4622-89C9-AC324FAC430A}.Debug|Any CPU.ActiveCfg = Debug|Any CPU
		{0587EEAC-ACAE-4622-89C9-AC324FAC430A}.Debug|Any CPU.Build.0 = Debug|Any CPU
		{0587EEAC-ACAE-4622-89C9-AC324FAC430A}.Release|Any CPU.ActiveCfg = Release|Any CPU
		{0587EEAC-ACAE-4622-89C9-AC324FAC430A}.Release|Any CPU.Build.0 = Release|Any CPU
		{F0A3EC63-1422-4D82-A69B-8BD88FF5B5F6}.Debug|Any CPU.ActiveCfg = Debug|Any CPU
		{F0A3EC63-1422-4D82-A69B-8BD88FF5B5F6}.Debug|Any CPU.Build.0 = Debug|Any CPU
		{F0A3EC63-1422-4D82-A69B-8BD88FF5B5F6}.Release|Any CPU.ActiveCfg = Release|Any CPU
		{F0A3EC63-1422-4D82-A69B-8BD88FF5B5F6}.Release|Any CPU.Build.0 = Release|Any CPU
		{6FCF7A4E-329C-4E25-9D50-D8DF1EBE387B}.Debug|Any CPU.ActiveCfg = Debug|Any CPU
		{6FCF7A4E-329C-4E25-9D50-D8DF1EBE387B}.Debug|Any CPU.Build.0 = Debug|Any CPU
		{6FCF7A4E-329C-4E25-9D50-D8DF1EBE387B}.Release|Any CPU.ActiveCfg = Release|Any CPU
		{6FCF7A4E-329C-4E25-9D50-D8DF1EBE387B}.Release|Any CPU.Build.0 = Release|Any CPU
		{3AC20C3A-0FB3-41C3-81A6-C4610050576A}.Debug|Any CPU.ActiveCfg = Debug|Any CPU
		{3AC20C3A-0FB3-41C3-81A6-C4610050576A}.Debug|Any CPU.Build.0 = Debug|Any CPU
		{3AC20C3A-0FB3-41C3-81A6-C4610050576A}.Release|Any CPU.ActiveCfg = Release|Any CPU
		{3AC20C3A-0FB3-41C3-81A6-C4610050576A}.Release|Any CPU.Build.0 = Release|Any CPU
	EndGlobalSection
EndGlobal
